--- 
dependencies: 
  parallel: 
    group: 
    - :test
    version: ">= 0"
  spork: 
    group: 
    - :test
    version: ">= 0"
  pg: 
    group: 
    - :production
    version: ">= 0"
  annotate: 
    group: 
    - :development
    version: ">= 0"
  system_timer: 
    group: 
    - :default
    version: ">= 0"
  libxml-ruby: 
    group: 
    - :default
    version: ">= 0"
    require: 
    - libxml
  rails: 
    group: 
    - :default
    version: = 3.0.0.beta4
  haml: 
    group: 
    - :default
    version: ">= 0"
  memcache-client: 
    group: 
    - :default
    version: ">= 0"
  sqlite3-ruby: 
    group: 
    - :development
    version: ">= 0"
    require: 
    - sqlite3
  shoulda: 
    group: 
    - :test
    version: ">= 0"
  ffaker: 
    group: 
    - :development
    version: ">= 0"
  voxel_hapi: 
    group: 
    - :default
    version: ">= 0"
  meta_where: 
    group: 
    - :default
    version: ">= 0"
  delayed_job: 
    group: 
    - :default
    version: ">= 0"
  growl: 
    group: 
    - :test
    version: ">= 0"
  wirble: 
    group: 
    - :development
    version: ">= 0"
  memcached: 
    group: 
    - :default
    version: ">= 0"
  activemerchant: 
    group: 
    - :default
    version: ">= 0"
  rspec-rails: 
    group: 
    - :test
    version: ">= 2.0.0.beta.14.2"
  vcr: 
    group: 
    - :test
    version: ">= 0"
  carrierwave: 
    group: 
    - :default
    version: ">= 0"
  devise: 
    group: 
    - :default
    version: ">= 1.1.rc2"
  has_scope: 
    group: 
    - :default
    version: ">= 0"
  will_paginate: 
    group: 
    - :default
    version: ">= 0"
  jammit: 
    group: 
    - :default
    version: ">= 0"
  panda: 
    group: 
    - :default
    version: ">= 0"
  request-log-analyzer: 
    group: 
    - :default
    version: ">= 0"
    require: 
    - request_log_analyzer
  steak: 
    group: 
    - :test
    version: ">= 0.4.0.beta.1"
  state_machine: 
    group: 
    - :default
    version: ">= 0"
  devise_invitable: 
    group: 
    - :default
    version: ">= 0"
  aws: 
    group: 
    - :default
    version: ">= 2.3.12"
  ruby-graphviz: 
    group: 
    - :development
    version: ">= 0"
    require: 
    - graphviz
  responders: 
    group: 
    - :default
    version: ">= 0"
  i18n: 
    group: 
    - :default
    version: ">= 0"
  uniquify: 
    group: 
    - :default
    version: ">= 0"
  hoptoad_notifier: 
    group: 
    - :default
    version: ">= 0"
  mini_magick: 
    group: 
    - :default
    version: ">= 0"
  RedCloth: 
    group: 
    - :default
    version: ">= 0"
  webmock: 
    group: 
    - :test
    version: ">= 0"
  launchy: 
    group: 
    - :test
    version: ">= 0"
  capybara: 
    group: 
    - :test
    version: ">= 0"
  factory_girl_rails: 
    group: 
    - :test
    version: ">= 0"
specs: 
- rake: 
    version: 0.8.7
- RedCloth: 
    version: 4.2.3
- abstract: 
    version: 1.0.0
- activesupport: 
    version: 3.0.0.beta4
- builder: 
    version: 2.1.2
- i18n: 
    version: 0.4.1
- activemodel: 
    version: 3.0.0.beta4
- erubis: 
    version: 2.6.6
- rack: 
    version: 1.1.0
- rack-mount: 
    version: 0.6.6
- rack-test: 
    version: 0.5.4
- tzinfo: 
    version: 0.3.22
- actionpack: 
    version: 3.0.0.beta4
- mime-types: 
    version: "1.16"
- polyglot: 
    version: 0.3.1
- treetop: 
    version: 1.4.8
- mail: 
    version: 2.2.5
- actionmailer: 
    version: 3.0.0.beta4
- activemerchant: 
    version: 1.5.1
- arel: 
    version: 0.4.0
- activerecord: 
    version: 3.0.0.beta4
- activeresource: 
    version: 3.0.0.beta4
- addressable: 
    version: 2.1.2
- annotate: 
    version: 2.4.0
- http_connection: 
    version: 1.3.0
- uuidtools: 
    version: 2.1.1
- xml-simple: 
    version: 1.0.12
- aws: 
    version: 2.3.13
- bcrypt-ruby: 
    version: 2.1.2
- bundler: 
    version: 0.9.26
- culerity: 
    version: 0.2.10
- nokogiri: 
    version: 1.4.2
- ffi: 
    version: 0.6.3
- json_pure: 
    version: 1.4.3
- selenium-webdriver: 
    version: 0.0.24
- capybara: 
    version: 0.3.8
- carrierwave: 
    version: 0.4.4
    source: 0
- closure-compiler: 
    version: 0.3.2
- configuration: 
    version: 1.1.0
- crack: 
    version: 0.1.7
- daemons: 
    version: 1.1.0
- delayed_job: 
    version: 2.1.0.pre
    source: 6
- warden: 
    version: 0.10.7
- devise: 
    version: 1.1.rc2
- devise_invitable: 
    version: 0.3.0
    source: 1
- diff-lcs: 
    version: 1.1.2
- factory_girl: 
    version: 1.3.1
- thor: 
    version: 0.13.7
- railties: 
    version: 3.0.0.beta4
- rails: 
    version: 3.0.0.beta4
- factory_girl_rails: 
    version: "1.0"
- ffaker: 
    version: 0.4.0
- growl: 
    version: 1.0.3
- haml: 
    version: 3.0.13
- has_scope: 
    version: 0.5.0
    source: 4
- hoptoad_notifier: 
    version: 2.3.0
- yui-compressor: 
    version: 0.9.1
- jammit: 
    version: 0.5.0
    source: 3
- launchy: 
    version: 0.3.5
- libxml-ruby: 
    version: 1.1.4
- memcache-client: 
    version: 1.8.3
- memcached: 
    version: 0.19.7
- meta_where: 
    version: 0.5.1
- mini_magick: 
    version: 1.2.5
- rest-client: 
    version: 1.5.1
- ruby-hmac: 
    version: 0.4.0
- panda: 
    version: 0.6.2
- parallel: 
    version: 0.4.2
- pg: 
    version: 0.9.0
- request-log-analyzer: 
    version: 1.7.0
- responders: 
    version: 0.6.1
- rspec-core: 
    version: 2.0.0.beta.14
- rspec-expectations: 
    version: 2.0.0.beta.14
- rspec-mocks: 
    version: 2.0.0.beta.14
- rspec: 
    version: 2.0.0.beta.14
- webrat: 
    version: 0.7.1
- rspec-rails: 
    version: 2.0.0.beta.14.2
- ruby-graphviz: 
    version: 0.9.12
- shoulda: 
    version: 2.11.1
- spork: 
    version: 0.8.4
- sqlite3-ruby: 
    version: 1.3.0
- state_machine: 
    version: 0.9.3
- steak: 
    version: 0.4.0.beta.1
- system_timer: 
    version: "1.0"
- uniquify: 
    version: 0.1.0
- vcr: 
    version: 1.0.0
- voxel_hapi: 
    version: 1.1.0
    source: 2
- webmock: 
    version: 1.3.0
- will_paginate: 
    version: 3.0.pre
    source: 5
- wirble: 
    version: 0.1.3
hash: 9759e1d0df0ef77255a59730994aa6cf4a772f5d
sources: 
- Git: 
    uri: git://github.com/jnicklas/carrierwave.git
    git: git://github.com/jnicklas/carrierwave.git
    ref: d5a4088ea7e4de8892e91bb405488108df2dc052
- Git: 
    uri: git://github.com/rymai/devise_invitable.git
    git: git://github.com/rymai/devise_invitable.git
    ref: 69a23267b4db688fc9b161b53dde3de1355b597f
- Git: 
    uri: git://github.com/thibaudgg/voxel_hapi.git
    git: git://github.com/thibaudgg/voxel_hapi.git
    ref: d913ce045f1d65166416930e40609513072f62ec
- Git: 
    uri: http://github.com/thibaudgg/jammit.git
    git: http://github.com/thibaudgg/jammit.git
    ref: c66b8ff299b19dd909f2bb7abca005098e5dc9b3
- Git: 
    uri: git://github.com/rymai/has_scope.git
    git: git://github.com/rymai/has_scope.git
    ref: 22165fec8eb7e517dc5eb8e43ea91055ce5d829d
- Git: 
    uri: git://github.com/mislav/will_paginate.git
    branch: rails3
    git: git://github.com/mislav/will_paginate.git
    ref: 60aa1c7b2ef03ee7c7a5ed657efb479a69f7d128
- Git: 
    uri: git://github.com/thibaudgg/delayed_job.git
    git: git://github.com/thibaudgg/delayed_job.git
    ref: 772ce349fab94ce1e4ba5cd5ee8793096b13af16
- Rubygems: 
    uri: http://rubygems.org
